# This file is autogenerated, do not edit; changes may be undone by the next 'dep ensure'.


[[projects]]
  name = "gocv.io/x/gocv"
  packages = ["."]
  revision = "0d9b22a6450a7d81761a4b763f58fb99e962ab47"
  version = "0.14.0"

[solve-meta]
  analyzer-name = "dep"
  analyzer-version = 1
  inputs-digest = "ff111317fbeef46315fed535cec797ae828c7ed4a8ddc88b8a439bf8a6e88c0f"
  solver-name = "gps-cdcl"
  solver-version = 1
